// !$*UTF8*$!
{
	archiveVersion = 1;
	classes = {
	};
	objectVersion = 56;
	objects = {

/* Begin PBXBuildFile section */
		401CEA552990AAE400D5303F /* PlusSettingsForm.swift in Sources */ = {isa = PBXBuildFile; fileRef = 401CEA542990AAE400D5303F /* PlusSettingsForm.swift */; };
		401CEA572990B21600D5303F /* HistoryView.swift in Sources */ = {isa = PBXBuildFile; fileRef = 401CEA562990B21600D5303F /* HistoryView.swift */; };
		402CF94129BBF4D500129305 /* ArchivalDayRun.swift in Sources */ = {isa = PBXBuildFile; fileRef = 402CF94029BBF4D500129305 /* ArchivalDayRun.swift */; };
		404A2B6529916BD2006BCFA2 /* TrackerLib in Frameworks */ = {isa = PBXBuildFile; productRef = 404A2B6429916BD2006BCFA2 /* TrackerLib */; };
		4058C21629995E4200A1088A /* ServingRunList.swift in Sources */ = {isa = PBXBuildFile; fileRef = 4058C21529995E4200A1088A /* ServingRunList.swift */; };
		4078391B299052E800F4C956 /* PlusApp.swift in Sources */ = {isa = PBXBuildFile; fileRef = 4078391A299052E800F4C956 /* PlusApp.swift */; };
		40783922299052E800F4C956 /* ContentView.swift in Sources */ = {isa = PBXBuildFile; fileRef = 40783921299052E800F4C956 /* ContentView.swift */; };
		40783924299052E900F4C956 /* Assets.xcassets in Resources */ = {isa = PBXBuildFile; fileRef = 40783923299052E900F4C956 /* Assets.xcassets */; };
		40783928299052E900F4C956 /* Preview Assets.xcassets in Resources */ = {isa = PBXBuildFile; fileRef = 40783927299052E900F4C956 /* Preview Assets.xcassets */; };
		40822B9C29C75D6D001C688D /* PlusTodayDayRun.swift in Sources */ = {isa = PBXBuildFile; fileRef = 40822B9B29C75D6D001C688D /* PlusTodayDayRun.swift */; };
		408B1F9629C2BED200AF43E1 /* MainPortrait.swift in Sources */ = {isa = PBXBuildFile; fileRef = 408B1F9529C2BED200AF43E1 /* MainPortrait.swift */; };
		408B1F9829C2C03500AF43E1 /* Destination.swift in Sources */ = {isa = PBXBuildFile; fileRef = 408B1F9729C2C03500AF43E1 /* Destination.swift */; };
		408B1F9A29C2C3C300AF43E1 /* MainLandscape.swift in Sources */ = {isa = PBXBuildFile; fileRef = 408B1F9929C2C3C300AF43E1 /* MainLandscape.swift */; };
		40A39ECE299054CF00A31B8C /* ZIPFoundation in Frameworks */ = {isa = PBXBuildFile; productRef = 40A39ECD299054CF00A31B8C /* ZIPFoundation */; };
		40A39ED1299054E300A31B8C /* Tabler in Frameworks */ = {isa = PBXBuildFile; productRef = 40A39ED0299054E300A31B8C /* Tabler */; };
		40A39ED42990550100A31B8C /* Compactor in Frameworks */ = {isa = PBXBuildFile; productRef = 40A39ED32990550100A31B8C /* Compactor */; };
		40A39EDA2990556A00A31B8C /* DcaltUI in Frameworks */ = {isa = PBXBuildFile; productRef = 40A39ED92990556A00A31B8C /* DcaltUI */; };
		40A39EDD2990582900A31B8C /* DcaltLib in Frameworks */ = {isa = PBXBuildFile; productRef = 40A39EDC2990582900A31B8C /* DcaltLib */; };
		40A9158529974320007D684B /* DayRunList.swift in Sources */ = {isa = PBXBuildFile; fileRef = 40A9158429974320007D684B /* DayRunList.swift */; };
/* End PBXBuildFile section */

/* Begin PBXFileReference section */
		401CEA542990AAE400D5303F /* PlusSettingsForm.swift */ = {isa = PBXFileReference; lastKnownFileType = sourcecode.swift; path = PlusSettingsForm.swift; sourceTree = "<group>"; };
		401CEA562990B21600D5303F /* HistoryView.swift */ = {isa = PBXFileReference; lastKnownFileType = sourcecode.swift; path = HistoryView.swift; sourceTree = "<group>"; };
		402CF94029BBF4D500129305 /* ArchivalDayRun.swift */ = {isa = PBXFileReference; lastKnownFileType = sourcecode.swift; path = ArchivalDayRun.swift; sourceTree = "<group>"; };
		4058C21529995E4200A1088A /* ServingRunList.swift */ = {isa = PBXFileReference; lastKnownFileType = sourcecode.swift; path = ServingRunList.swift; sourceTree = "<group>"; };
		40783917299052E800F4C956 /* Daily Calorie Tracker Plus.app */ = {isa = PBXFileReference; explicitFileType = wrapper.application; includeInIndex = 0; path = "Daily Calorie Tracker Plus.app"; sourceTree = BUILT_PRODUCTS_DIR; };
		4078391A299052E800F4C956 /* PlusApp.swift */ = {isa = PBXFileReference; lastKnownFileType = sourcecode.swift; path = PlusApp.swift; sourceTree = "<group>"; };
		40783921299052E800F4C956 /* ContentView.swift */ = {isa = PBXFileReference; lastKnownFileType = sourcecode.swift; path = ContentView.swift; sourceTree = "<group>"; };
		40783923299052E900F4C956 /* Assets.xcassets */ = {isa = PBXFileReference; lastKnownFileType = folder.assetcatalog; path = Assets.xcassets; sourceTree = "<group>"; };
		40783925299052E900F4C956 /* App.entitlements */ = {isa = PBXFileReference; lastKnownFileType = text.plist.entitlements; path = App.entitlements; sourceTree = "<group>"; };
		40783927299052E900F4C956 /* Preview Assets.xcassets */ = {isa = PBXFileReference; lastKnownFileType = folder.assetcatalog; path = "Preview Assets.xcassets"; sourceTree = "<group>"; };
		40822B9B29C75D6D001C688D /* PlusTodayDayRun.swift */ = {isa = PBXFileReference; lastKnownFileType = sourcecode.swift; path = PlusTodayDayRun.swift; sourceTree = "<group>"; };
		408B1F9529C2BED200AF43E1 /* MainPortrait.swift */ = {isa = PBXFileReference; lastKnownFileType = sourcecode.swift; path = MainPortrait.swift; sourceTree = "<group>"; };
		408B1F9729C2C03500AF43E1 /* Destination.swift */ = {isa = PBXFileReference; lastKnownFileType = sourcecode.swift; path = Destination.swift; sourceTree = "<group>"; };
		408B1F9929C2C3C300AF43E1 /* MainLandscape.swift */ = {isa = PBXFileReference; lastKnownFileType = sourcecode.swift; path = MainLandscape.swift; sourceTree = "<group>"; };
		40A39EDB2990559A00A31B8C /* Info.plist */ = {isa = PBXFileReference; lastKnownFileType = text.plist.xml; path = Info.plist; sourceTree = "<group>"; };
		40A9158429974320007D684B /* DayRunList.swift */ = {isa = PBXFileReference; lastKnownFileType = sourcecode.swift; path = DayRunList.swift; sourceTree = "<group>"; };
		40F263B929AFF04000CAA9A2 /* README.md */ = {isa = PBXFileReference; lastKnownFileType = net.daringfireball.markdown; path = README.md; sourceTree = "<group>"; };
		40F263BB29B0204B00CAA9A2 /* LICENSE */ = {isa = PBXFileReference; lastKnownFileType = text; path = LICENSE; sourceTree = "<group>"; };
/* End PBXFileReference section */

/* Begin PBXFrameworksBuildPhase section */
		40783914299052E800F4C956 /* Frameworks */ = {
			isa = PBXFrameworksBuildPhase;
			buildActionMask = 2147483647;
			files = (
				404A2B6529916BD2006BCFA2 /* TrackerLib in Frameworks */,
				40A39EDA2990556A00A31B8C /* DcaltUI in Frameworks */,
				40A39ED1299054E300A31B8C /* Tabler in Frameworks */,
				40A39ED42990550100A31B8C /* Compactor in Frameworks */,
				40A39ECE299054CF00A31B8C /* ZIPFoundation in Frameworks */,
				40A39EDD2990582900A31B8C /* DcaltLib in Frameworks */,
			);
			runOnlyForDeploymentPostprocessing = 0;
		};
/* End PBXFrameworksBuildPhase section */

/* Begin PBXGroup section */
		4078390E299052E800F4C956 = {
			isa = PBXGroup;
			children = (
				40F263BB29B0204B00CAA9A2 /* LICENSE */,
				40F263B929AFF04000CAA9A2 /* README.md */,
				40783919299052E800F4C956 /* Sources */,
				40783918299052E800F4C956 /* Products */,
				40A39ED82990556A00A31B8C /* Frameworks */,
			);
			sourceTree = "<group>";
		};
		40783918299052E800F4C956 /* Products */ = {
			isa = PBXGroup;
			children = (
				40783917299052E800F4C956 /* Daily Calorie Tracker Plus.app */,
			);
			name = Products;
			sourceTree = "<group>";
		};
		40783919299052E800F4C956 /* Sources */ = {
			isa = PBXGroup;
			children = (
				4078391A299052E800F4C956 /* PlusApp.swift */,
				40A39ECB2990535700A31B8C /* Views */,
				40783925299052E900F4C956 /* App.entitlements */,
				40783923299052E900F4C956 /* Assets.xcassets */,
				40A39EDB2990559A00A31B8C /* Info.plist */,
				40783926299052E900F4C956 /* Preview Content */,
			);
			path = Sources;
			sourceTree = "<group>";
		};
		40783926299052E900F4C956 /* Preview Content */ = {
			isa = PBXGroup;
			children = (
				40783927299052E900F4C956 /* Preview Assets.xcassets */,
			);
			path = "Preview Content";
			sourceTree = "<group>";
		};
		40A39ECB2990535700A31B8C /* Views */ = {
			isa = PBXGroup;
			children = (
				40783921299052E800F4C956 /* ContentView.swift */,
				408B1F9529C2BED200AF43E1 /* MainPortrait.swift */,
				408B1F9929C2C3C300AF43E1 /* MainLandscape.swift */,
				402CF94029BBF4D500129305 /* ArchivalDayRun.swift */,
				40A9158429974320007D684B /* DayRunList.swift */,
				408B1F9729C2C03500AF43E1 /* Destination.swift */,
				401CEA562990B21600D5303F /* HistoryView.swift */,
				401CEA542990AAE400D5303F /* PlusSettingsForm.swift */,
				4058C21529995E4200A1088A /* ServingRunList.swift */,
				40822B9B29C75D6D001C688D /* PlusTodayDayRun.swift */,
			);
			path = Views;
			sourceTree = "<group>";
		};
		40A39ED82990556A00A31B8C /* Frameworks */ = {
			isa = PBXGroup;
			children = (
			);
			name = Frameworks;
			sourceTree = "<group>";
		};
/* End PBXGroup section */

/* Begin PBXNativeTarget section */
		40783916299052E800F4C956 /* Daily Calorie Tracker Plus */ = {
			isa = PBXNativeTarget;
			buildConfigurationList = 4078392B299052E900F4C956 /* Build configuration list for PBXNativeTarget "Daily Calorie Tracker Plus" */;
			buildPhases = (
				40783913299052E800F4C956 /* Sources */,
				40783914299052E800F4C956 /* Frameworks */,
				40783915299052E800F4C956 /* Resources */,
			);
			buildRules = (
			);
			dependencies = (
			);
			name = "Daily Calorie Tracker Plus";
			packageProductDependencies = (
				40A39ECD299054CF00A31B8C /* ZIPFoundation */,
				40A39ED0299054E300A31B8C /* Tabler */,
				40A39ED32990550100A31B8C /* Compactor */,
				40A39ED92990556A00A31B8C /* DcaltUI */,
				40A39EDC2990582900A31B8C /* DcaltLib */,
				404A2B6429916BD2006BCFA2 /* TrackerLib */,
			);
			productName = "Daily Calorie Tracker Plus";
			productReference = 40783917299052E800F4C956 /* Daily Calorie Tracker Plus.app */;
			productType = "com.apple.product-type.application";
		};
/* End PBXNativeTarget section */

/* Begin PBXProject section */
		4078390F299052E800F4C956 /* Project object */ = {
			isa = PBXProject;
			attributes = {
				BuildIndependentTargetsInParallel = 1;
				LastSwiftUpdateCheck = 1420;
				LastUpgradeCheck = 1420;
				TargetAttributes = {
					40783916299052E800F4C956 = {
						CreatedOnToolsVersion = 14.2;
					};
				};
			};
			buildConfigurationList = 40783912299052E800F4C956 /* Build configuration list for PBXProject "Daily Calorie Tracker Plus" */;
			compatibilityVersion = "Xcode 14.0";
			developmentRegion = en;
			hasScannedForEncodings = 0;
			knownRegions = (
				en,
				Base,
			);
			mainGroup = 4078390E299052E800F4C956;
			packageReferences = (
				40A39ECC299054CF00A31B8C /* XCRemoteSwiftPackageReference "ZIPFoundation" */,
				40A39ECF299054E300A31B8C /* XCRemoteSwiftPackageReference "SwiftTabler" */,
				40A39ED22990550100A31B8C /* XCRemoteSwiftPackageReference "SwiftCompactor" */,
			);
			productRefGroup = 40783918299052E800F4C956 /* Products */;
			projectDirPath = "";
			projectRoot = "";
			targets = (
				40783916299052E800F4C956 /* Daily Calorie Tracker Plus */,
			);
		};
/* End PBXProject section */

/* Begin PBXResourcesBuildPhase section */
		40783915299052E800F4C956 /* Resources */ = {
			isa = PBXResourcesBuildPhase;
			buildActionMask = 2147483647;
			files = (
				40783928299052E900F4C956 /* Preview Assets.xcassets in Resources */,
				40783924299052E900F4C956 /* Assets.xcassets in Resources */,
			);
			runOnlyForDeploymentPostprocessing = 0;
		};
/* End PBXResourcesBuildPhase section */

/* Begin PBXSourcesBuildPhase section */
		40783913299052E800F4C956 /* Sources */ = {
			isa = PBXSourcesBuildPhase;
			buildActionMask = 2147483647;
			files = (
				4078391B299052E800F4C956 /* PlusApp.swift in Sources */,
				408B1F9829C2C03500AF43E1 /* Destination.swift in Sources */,
				401CEA572990B21600D5303F /* HistoryView.swift in Sources */,
				4058C21629995E4200A1088A /* ServingRunList.swift in Sources */,
				40822B9C29C75D6D001C688D /* PlusTodayDayRun.swift in Sources */,
				408B1F9A29C2C3C300AF43E1 /* MainLandscape.swift in Sources */,
				408B1F9629C2BED200AF43E1 /* MainPortrait.swift in Sources */,
				402CF94129BBF4D500129305 /* ArchivalDayRun.swift in Sources */,
				40A9158529974320007D684B /* DayRunList.swift in Sources */,
				40783922299052E800F4C956 /* ContentView.swift in Sources */,
				401CEA552990AAE400D5303F /* PlusSettingsForm.swift in Sources */,
			);
			runOnlyForDeploymentPostprocessing = 0;
		};
/* End PBXSourcesBuildPhase section */

/* Begin XCBuildConfiguration section */
		40783929299052E900F4C956 /* Debug */ = {
			isa = XCBuildConfiguration;
			buildSettings = {
				ALWAYS_SEARCH_USER_PATHS = NO;
				CLANG_ANALYZER_NONNULL = YES;
				CLANG_ANALYZER_NUMBER_OBJECT_CONVERSION = YES_AGGRESSIVE;
				CLANG_CXX_LANGUAGE_STANDARD = "gnu++20";
				CLANG_ENABLE_MODULES = YES;
				CLANG_ENABLE_OBJC_ARC = YES;
				CLANG_ENABLE_OBJC_WEAK = YES;
				CLANG_WARN_BLOCK_CAPTURE_AUTORELEASING = YES;
				CLANG_WARN_BOOL_CONVERSION = YES;
				CLANG_WARN_COMMA = YES;
				CLANG_WARN_CONSTANT_CONVERSION = YES;
				CLANG_WARN_DEPRECATED_OBJC_IMPLEMENTATIONS = YES;
				CLANG_WARN_DIRECT_OBJC_ISA_USAGE = YES_ERROR;
				CLANG_WARN_DOCUMENTATION_COMMENTS = YES;
				CLANG_WARN_EMPTY_BODY = YES;
				CLANG_WARN_ENUM_CONVERSION = YES;
				CLANG_WARN_INFINITE_RECURSION = YES;
				CLANG_WARN_INT_CONVERSION = YES;
				CLANG_WARN_NON_LITERAL_NULL_CONVERSION = YES;
				CLANG_WARN_OBJC_IMPLICIT_RETAIN_SELF = YES;
				CLANG_WARN_OBJC_LITERAL_CONVERSION = YES;
				CLANG_WARN_OBJC_ROOT_CLASS = YES_ERROR;
				CLANG_WARN_QUOTED_INCLUDE_IN_FRAMEWORK_HEADER = YES;
				CLANG_WARN_RANGE_LOOP_ANALYSIS = YES;
				CLANG_WARN_STRICT_PROTOTYPES = YES;
				CLANG_WARN_SUSPICIOUS_MOVE = YES;
				CLANG_WARN_UNGUARDED_AVAILABILITY = YES_AGGRESSIVE;
				CLANG_WARN_UNREACHABLE_CODE = YES;
				CLANG_WARN__DUPLICATE_METHOD_MATCH = YES;
				COPY_PHASE_STRIP = NO;
				DEBUG_INFORMATION_FORMAT = dwarf;
				ENABLE_STRICT_OBJC_MSGSEND = YES;
				ENABLE_TESTABILITY = YES;
				GCC_C_LANGUAGE_STANDARD = gnu11;
				GCC_DYNAMIC_NO_PIC = NO;
				GCC_NO_COMMON_BLOCKS = YES;
				GCC_OPTIMIZATION_LEVEL = 0;
				GCC_PREPROCESSOR_DEFINITIONS = (
					"DEBUG=1",
					"$(inherited)",
				);
				GCC_WARN_64_TO_32_BIT_CONVERSION = YES;
				GCC_WARN_ABOUT_RETURN_TYPE = YES_ERROR;
				GCC_WARN_UNDECLARED_SELECTOR = YES;
				GCC_WARN_UNINITIALIZED_AUTOS = YES_AGGRESSIVE;
				GCC_WARN_UNUSED_FUNCTION = YES;
				GCC_WARN_UNUSED_VARIABLE = YES;
				MTL_ENABLE_DEBUG_INFO = INCLUDE_SOURCE;
				MTL_FAST_MATH = YES;
				ONLY_ACTIVE_ARCH = YES;
				SWIFT_ACTIVE_COMPILATION_CONDITIONS = DEBUG;
				SWIFT_OPTIMIZATION_LEVEL = "-Onone";
			};
			name = Debug;
		};
		4078392A299052E900F4C956 /* Release */ = {
			isa = XCBuildConfiguration;
			buildSettings = {
				ALWAYS_SEARCH_USER_PATHS = NO;
				CLANG_ANALYZER_NONNULL = YES;
				CLANG_ANALYZER_NUMBER_OBJECT_CONVERSION = YES_AGGRESSIVE;
				CLANG_CXX_LANGUAGE_STANDARD = "gnu++20";
				CLANG_ENABLE_MODULES = YES;
				CLANG_ENABLE_OBJC_ARC = YES;
				CLANG_ENABLE_OBJC_WEAK = YES;
				CLANG_WARN_BLOCK_CAPTURE_AUTORELEASING = YES;
				CLANG_WARN_BOOL_CONVERSION = YES;
				CLANG_WARN_COMMA = YES;
				CLANG_WARN_CONSTANT_CONVERSION = YES;
				CLANG_WARN_DEPRECATED_OBJC_IMPLEMENTATIONS = YES;
				CLANG_WARN_DIRECT_OBJC_ISA_USAGE = YES_ERROR;
				CLANG_WARN_DOCUMENTATION_COMMENTS = YES;
				CLANG_WARN_EMPTY_BODY = YES;
				CLANG_WARN_ENUM_CONVERSION = YES;
				CLANG_WARN_INFINITE_RECURSION = YES;
				CLANG_WARN_INT_CONVERSION = YES;
				CLANG_WARN_NON_LITERAL_NULL_CONVERSION = YES;
				CLANG_WARN_OBJC_IMPLICIT_RETAIN_SELF = YES;
				CLANG_WARN_OBJC_LITERAL_CONVERSION = YES;
				CLANG_WARN_OBJC_ROOT_CLASS = YES_ERROR;
				CLANG_WARN_QUOTED_INCLUDE_IN_FRAMEWORK_HEADER = YES;
				CLANG_WARN_RANGE_LOOP_ANALYSIS = YES;
				CLANG_WARN_STRICT_PROTOTYPES = YES;
				CLANG_WARN_SUSPICIOUS_MOVE = YES;
				CLANG_WARN_UNGUARDED_AVAILABILITY = YES_AGGRESSIVE;
				CLANG_WARN_UNREACHABLE_CODE = YES;
				CLANG_WARN__DUPLICATE_METHOD_MATCH = YES;
				COPY_PHASE_STRIP = NO;
				DEBUG_INFORMATION_FORMAT = "dwarf-with-dsym";
				ENABLE_NS_ASSERTIONS = NO;
				ENABLE_STRICT_OBJC_MSGSEND = YES;
				GCC_C_LANGUAGE_STANDARD = gnu11;
				GCC_NO_COMMON_BLOCKS = YES;
				GCC_WARN_64_TO_32_BIT_CONVERSION = YES;
				GCC_WARN_ABOUT_RETURN_TYPE = YES_ERROR;
				GCC_WARN_UNDECLARED_SELECTOR = YES;
				GCC_WARN_UNINITIALIZED_AUTOS = YES_AGGRESSIVE;
				GCC_WARN_UNUSED_FUNCTION = YES;
				GCC_WARN_UNUSED_VARIABLE = YES;
				MTL_ENABLE_DEBUG_INFO = NO;
				MTL_FAST_MATH = YES;
				SWIFT_COMPILATION_MODE = wholemodule;
				SWIFT_OPTIMIZATION_LEVEL = "-O";
			};
			name = Release;
		};
		4078392C299052E900F4C956 /* Debug */ = {
			isa = XCBuildConfiguration;
			buildSettings = {
				ASSETCATALOG_COMPILER_APPICON_NAME = AppIcon;
				ASSETCATALOG_COMPILER_GLOBAL_ACCENT_COLOR_NAME = AccentColor;
				CODE_SIGN_ENTITLEMENTS = Sources/App.entitlements;
				CODE_SIGN_STYLE = Automatic;
				CURRENT_PROJECT_VERSION = 4;
				DEVELOPMENT_ASSET_PATHS = "Sources/Preview\\ Content";
				DEVELOPMENT_TEAM = J735QC5U38;
				ENABLE_HARDENED_RUNTIME = YES;
				ENABLE_PREVIEWS = YES;
				GENERATE_INFOPLIST_FILE = YES;
				INFOPLIST_FILE = Sources/Info.plist;
				INFOPLIST_KEY_CFBundleDisplayName = "Daily Calories";
				INFOPLIST_KEY_LSApplicationCategoryType = "public.app-category.healthcare-fitness";
				"INFOPLIST_KEY_UIApplicationSceneManifest_Generation[sdk=iphoneos*]" = YES;
				"INFOPLIST_KEY_UIApplicationSceneManifest_Generation[sdk=iphonesimulator*]" = YES;
				"INFOPLIST_KEY_UIApplicationSupportsIndirectInputEvents[sdk=iphoneos*]" = YES;
				"INFOPLIST_KEY_UIApplicationSupportsIndirectInputEvents[sdk=iphonesimulator*]" = YES;
				"INFOPLIST_KEY_UILaunchScreen_Generation[sdk=iphoneos*]" = YES;
				"INFOPLIST_KEY_UILaunchScreen_Generation[sdk=iphonesimulator*]" = YES;
				"INFOPLIST_KEY_UIStatusBarStyle[sdk=iphoneos*]" = UIStatusBarStyleDefault;
				"INFOPLIST_KEY_UIStatusBarStyle[sdk=iphonesimulator*]" = UIStatusBarStyleDefault;
				INFOPLIST_KEY_UISupportedInterfaceOrientations_iPad = "UIInterfaceOrientationPortrait UIInterfaceOrientationPortraitUpsideDown UIInterfaceOrientationLandscapeLeft UIInterfaceOrientationLandscapeRight";
				INFOPLIST_KEY_UISupportedInterfaceOrientations_iPhone = "UIInterfaceOrientationPortrait UIInterfaceOrientationLandscapeLeft UIInterfaceOrientationLandscapeRight";
				IPHONEOS_DEPLOYMENT_TARGET = 16.2;
				LD_RUNPATH_SEARCH_PATHS = "@executable_path/Frameworks";
				"LD_RUNPATH_SEARCH_PATHS[sdk=macosx*]" = "@executable_path/../Frameworks";
				MACOSX_DEPLOYMENT_TARGET = 13.1;
				MARKETING_VERSION = 1.3;
				PRODUCT_BUNDLE_IDENTIFIER = org.openalloc.dcalt.plus;
				PRODUCT_NAME = "$(TARGET_NAME)";
				SDKROOT = auto;
				SUPPORTED_PLATFORMS = "iphoneos iphonesimulator";
				SUPPORTS_MACCATALYST = NO;
				SUPPORTS_MAC_DESIGNED_FOR_IPHONE_IPAD = NO;
				SWIFT_EMIT_LOC_STRINGS = YES;
				SWIFT_VERSION = 5.0;
				TARGETED_DEVICE_FAMILY = "1,2";
			};
			name = Debug;
		};
		4078392D299052E900F4C956 /* Release */ = {
			isa = XCBuildConfiguration;
			buildSettings = {
				ASSETCATALOG_COMPILER_APPICON_NAME = AppIcon;
				ASSETCATALOG_COMPILER_GLOBAL_ACCENT_COLOR_NAME = AccentColor;
				CODE_SIGN_ENTITLEMENTS = Sources/App.entitlements;
				CODE_SIGN_STYLE = Automatic;
				CURRENT_PROJECT_VERSION = 4;
				DEVELOPMENT_ASSET_PATHS = "Sources/Preview\\ Content";
				DEVELOPMENT_TEAM = J735QC5U38;
				ENABLE_HARDENED_RUNTIME = YES;
				ENABLE_PREVIEWS = YES;
				GENERATE_INFOPLIST_FILE = YES;
				INFOPLIST_FILE = Sources/Info.plist;
				INFOPLIST_KEY_CFBundleDisplayName = "Daily Calories";
				INFOPLIST_KEY_LSApplicationCategoryType = "public.app-category.healthcare-fitness";
				"INFOPLIST_KEY_UIApplicationSceneManifest_Generation[sdk=iphoneos*]" = YES;
				"INFOPLIST_KEY_UIApplicationSceneManifest_Generation[sdk=iphonesimulator*]" = YES;
				"INFOPLIST_KEY_UIApplicationSupportsIndirectInputEvents[sdk=iphoneos*]" = YES;
				"INFOPLIST_KEY_UIApplicationSupportsIndirectInputEvents[sdk=iphonesimulator*]" = YES;
				"INFOPLIST_KEY_UILaunchScreen_Generation[sdk=iphoneos*]" = YES;
				"INFOPLIST_KEY_UILaunchScreen_Generation[sdk=iphonesimulator*]" = YES;
				"INFOPLIST_KEY_UIStatusBarStyle[sdk=iphoneos*]" = UIStatusBarStyleDefault;
				"INFOPLIST_KEY_UIStatusBarStyle[sdk=iphonesimulator*]" = UIStatusBarStyleDefault;
				INFOPLIST_KEY_UISupportedInterfaceOrientations_iPad = "UIInterfaceOrientationPortrait UIInterfaceOrientationPortraitUpsideDown UIInterfaceOrientationLandscapeLeft UIInterfaceOrientationLandscapeRight";
				INFOPLIST_KEY_UISupportedInterfaceOrientations_iPhone = "UIInterfaceOrientationPortrait UIInterfaceOrientationLandscapeLeft UIInterfaceOrientationLandscapeRight";
				IPHONEOS_DEPLOYMENT_TARGET = 16.2;
				LD_RUNPATH_SEARCH_PATHS = "@executable_path/Frameworks";
				"LD_RUNPATH_SEARCH_PATHS[sdk=macosx*]" = "@executable_path/../Frameworks";
				MACOSX_DEPLOYMENT_TARGET = 13.1;
				MARKETING_VERSION = 1.3;
				PRODUCT_BUNDLE_IDENTIFIER = org.openalloc.dcalt.plus;
				PRODUCT_NAME = "$(TARGET_NAME)";
				SDKROOT = auto;
				SUPPORTED_PLATFORMS = "iphoneos iphonesimulator";
				SUPPORTS_MACCATALYST = NO;
				SUPPORTS_MAC_DESIGNED_FOR_IPHONE_IPAD = NO;
				SWIFT_EMIT_LOC_STRINGS = YES;
				SWIFT_VERSION = 5.0;
				TARGETED_DEVICE_FAMILY = "1,2";
			};
			name = Release;
		};
/* End XCBuildConfiguration section */

/* Begin XCConfigurationList section */
		40783912299052E800F4C956 /* Build configuration list for PBXProject "Daily Calorie Tracker Plus" */ = {
			isa = XCConfigurationList;
			buildConfigurations = (
				40783929299052E900F4C956 /* Debug */,
				4078392A299052E900F4C956 /* Release */,
			);
			defaultConfigurationIsVisible = 0;
			defaultConfigurationName = Release;
		};
		4078392B299052E900F4C956 /* Build configuration list for PBXNativeTarget "Daily Calorie Tracker Plus" */ = {
			isa = XCConfigurationList;
			buildConfigurations = (
				4078392C299052E900F4C956 /* Debug */,
				4078392D299052E900F4C956 /* Release */,
			);
			defaultConfigurationIsVisible = 0;
			defaultConfigurationName = Release;
		};
/* End XCConfigurationList section */

/* Begin XCRemoteSwiftPackageReference section */
		40A39ECC299054CF00A31B8C /* XCRemoteSwiftPackageReference "ZIPFoundation" */ = {
			isa = XCRemoteSwiftPackageReference;
			repositoryURL = "https://github.com/weichsel/ZIPFoundation.git";
			requirement = {
				kind = upToNextMajorVersion;
				minimumVersion = 0.9.9;
			};
		};
		40A39ECF299054E300A31B8C /* XCRemoteSwiftPackageReference "SwiftTabler" */ = {
			isa = XCRemoteSwiftPackageReference;
			repositoryURL = "https://github.com/openalloc/SwiftTabler.git";
			requirement = {
				kind = upToNextMajorVersion;
				minimumVersion = 0.9.7;
			};
		};
		40A39ED22990550100A31B8C /* XCRemoteSwiftPackageReference "SwiftCompactor" */ = {
			isa = XCRemoteSwiftPackageReference;
			repositoryURL = "https://github.com/openalloc/SwiftCompactor.git";
			requirement = {
				kind = upToNextMajorVersion;
				minimumVersion = 1.0.0;
			};
		};
/* End XCRemoteSwiftPackageReference section */

/* Begin XCSwiftPackageProductDependency section */
		404A2B6429916BD2006BCFA2 /* TrackerLib */ = {
			isa = XCSwiftPackageProductDependency;
			productName = TrackerLib;
		};
		40A39ECD299054CF00A31B8C /* ZIPFoundation */ = {
			isa = XCSwiftPackageProductDependency;
			package = 40A39ECC299054CF00A31B8C /* XCRemoteSwiftPackageReference "ZIPFoundation" */;
			productName = ZIPFoundation;
		};
		40A39ED0299054E300A31B8C /* Tabler */ = {
			isa = XCSwiftPackageProductDependency;
			package = 40A39ECF299054E300A31B8C /* XCRemoteSwiftPackageReference "SwiftTabler" */;
			productName = Tabler;
		};
		40A39ED32990550100A31B8C /* Compactor */ = {
			isa = XCSwiftPackageProductDependency;
			package = 40A39ED22990550100A31B8C /* XCRemoteSwiftPackageReference "SwiftCompactor" */;
			productName = Compactor;
		};
		40A39ED92990556A00A31B8C /* DcaltUI */ = {
			isa = XCSwiftPackageProductDependency;
			productName = DcaltUI;
		};
		40A39EDC2990582900A31B8C /* DcaltLib */ = {
			isa = XCSwiftPackageProductDependency;
			productName = DcaltLib;
		};
/* End XCSwiftPackageProductDependency section */
	};
	rootObject = 4078390F299052E800F4C956 /* Project object */;
}
